{
  "originHash" : "c954ca1f0064c0143492d43b3b39ab59bcc4f7d28f29eff4c678ebb294797772",
  "pins" : [
    {
      "identity" : "cocoaspice",
      "kind" : "remoteSourceControl",
      "location" : "https://github.com/allisonfm85/CocoaSpice",
      "state" : {
        "branch" : "avm-initial-fill",
        "revision" : "8b41a9af91eef3bd5dbc14b85a34470ad3903541"
      }
    },
    {
      "identity" : "sparkle",
      "kind" : "remoteSourceControl",
      "location" : "https://github.com/sparkle-project/Sparkle",
      "state" : {
        "revision" : "79bc9e872948e47877e76f194cb0c8e0412b0b90",
        "version" : "2.9.5"
      }
    }
  ],
  "version" : 3
}
